
Microsoft Visual Studio Solution File, Format Version 12.00
# Visual Studio Version 17
VisualStudioVersion = 17.5.33516.290
MinimumVisualStudioVersion = 10.0.40219.1
Project("{FAE04EC0-301F-11D3-BF4B-00C04F79EFBC}") = "GitFinalAcTest", "GitFinalAcTest.csproj", "{9E032E46-F2AD-49ED-819F-4D230F5C5447}"
EndProject
Global
	GlobalSection(SolutionConfigurationPlatforms) = preSolution
		Debug|Any CPU = Debug|Any CPU
		Release|Any CPU = Release|Any CPU
	EndGlobalSection
	GlobalSection(ProjectConfigurationPlatforms) = postSolution
		{9E032E46-F2AD-49ED-819F-4D230F5C5447}.Debug|Any CPU.ActiveCfg = Debug|Any CPU
		{9E032E46-F2AD-49ED-819F-4D230F5C5447}.Debug|Any CPU.Build.0 = Debug|Any CPU
		{9E032E46-F2AD-49ED-819F-4D230F5C5447}.Release|Any CPU.ActiveCfg = Release|Any CPU
		{9E032E46-F2AD-49ED-819F-4D230F5C5447}.Release|Any CPU.Build.0 = Release|Any CPU
	EndGlobalSection
	GlobalSection(SolutionProperties) = preSolution
		HideSolutionNode = FALSE
	EndGlobalSection
	GlobalSection(ExtensibilityGlobals) = postSolution
		SolutionGuid = {C1C0F7CE-53B3-4B8A-BED6-F52B1B173558}
	EndGlobalSection
EndGlobal
